// !$*UTF8*$!
{
	archiveVersion = 1;
	classes = {
	};
	objectVersion = 46;
	objects = {

/* Begin PBXBuildFile section */
		52D8FAF71CCF1E94006955D8 /* AppDelegate.swift in Sources */ = {isa = PBXBuildFile; fileRef = 52D8FAF61CCF1E94006955D8 /* AppDelegate.swift */; };
		52D8FAF91CCF1E94006955D8 /* ViewController.swift in Sources */ = {isa = PBXBuildFile; fileRef = 52D8FAF81CCF1E94006955D8 /* ViewController.swift */; };
		52D8FAFC1CCF1E94006955D8 /* Main.storyboard in Resources */ = {isa = PBXBuildFile; fileRef = 52D8FAFA1CCF1E94006955D8 /* Main.storyboard */; };
		52D8FAFE1CCF1E94006955D8 /* Assets.xcassets in Resources */ = {isa = PBXBuildFile; fileRef = 52D8FAFD1CCF1E94006955D8 /* Assets.xcassets */; };
		52D8FB011CCF1E94006955D8 /* LaunchScreen.storyboard in Resources */ = {isa = PBXBuildFile; fileRef = 52D8FAFF1CCF1E94006955D8 /* LaunchScreen.storyboard */; };
		52D8FB091CCF23B2006955D8 /* TamanoViewController.swift in Sources */ = {isa = PBXBuildFile; fileRef = 52D8FB081CCF23B2006955D8 /* TamanoViewController.swift */; };
		52D8FB0B1CCF23E5006955D8 /* MasaViewController.swift in Sources */ = {isa = PBXBuildFile; fileRef = 52D8FB0A1CCF23E5006955D8 /* MasaViewController.swift */; };
		52D8FB0D1CCF2595006955D8 /* QuesoViewController.swift in Sources */ = {isa = PBXBuildFile; fileRef = 52D8FB0C1CCF2595006955D8 /* QuesoViewController.swift */; };
		52D8FB0F1CCF26DB006955D8 /* IngredientesViewController.swift in Sources */ = {isa = PBXBuildFile; fileRef = 52D8FB0E1CCF26DB006955D8 /* IngredientesViewController.swift */; };
		52D8FB111CCF2B64006955D8 /* ConfirmacionViewController.swift in Sources */ = {isa = PBXBuildFile; fileRef = 52D8FB101CCF2B64006955D8 /* ConfirmacionViewController.swift */; };
		52D8FB131CCF2E16006955D8 /* OrdenViewController.swift in Sources */ = {isa = PBXBuildFile; fileRef = 52D8FB121CCF2E16006955D8 /* OrdenViewController.swift */; };
/* End PBXBuildFile section */

/* Begin PBXFileReference section */
		52D8FAF31CCF1E94006955D8 /* CrearPizza.app */ = {isa = PBXFileReference; explicitFileType = wrapper.application; includeInIndex = 0; path = CrearPizza.app; sourceTree = BUILT_PRODUCTS_DIR; };
		52D8FAF61CCF1E94006955D8 /* AppDelegate.swift */ = {isa = PBXFileReference; lastKnownFileType = sourcecode.swift; path = AppDelegate.swift; sourceTree = "<group>"; };
		52D8FAF81CCF1E94006955D8 /* ViewController.swift */ = {isa = PBXFileReference; lastKnownFileType = sourcecode.swift; path = ViewController.swift; sourceTree = "<group>"; };
		52D8FAFB1CCF1E94006955D8 /* Base */ = {isa = PBXFileReference; lastKnownFileType = file.storyboard; name = Base; path = Base.lproj/Main.storyboard; sourceTree = "<group>"; };
		52D8FAFD1CCF1E94006955D8 /* Assets.xcassets */ = {isa = PBXFileReference; lastKnownFileType = folder.assetcatalog; path = Assets.xcassets; sourceTree = "<group>"; };
		52D8FB001CCF1E94006955D8 /* Base */ = {isa = PBXFileReference; lastKnownFileType = file.storyboard; name = Base; path = Base.lproj/LaunchScreen.storyboard; sourceTree = "<group>"; };
		52D8FB021CCF1E94006955D8 /* Info.plist */ = {isa = PBXFileReference; lastKnownFileType = text.plist.xml; path = Info.plist; sourceTree = "<group>"; };
		52D8FB081CCF23B2006955D8 /* TamanoViewController.swift */ = {isa = PBXFileReference; fileEncoding = 4; lastKnownFileType = sourcecode.swift; path = TamanoViewController.swift; sourceTree = "<group>"; };
		52D8FB0A1CCF23E5006955D8 /* MasaViewController.swift */ = {isa = PBXFileReference; fileEncoding = 4; lastKnownFileType = sourcecode.swift; path = MasaViewController.swift; sourceTree = "<group>"; };
		52D8FB0C1CCF2595006955D8 /* QuesoViewController.swift */ = {isa = PBXFileReference; fileEncoding = 4; lastKnownFileType = sourcecode.swift; path = QuesoViewController.swift; sourceTree = "<group>"; };
		52D8FB0E1CCF26DB006955D8 /* IngredientesViewController.swift */ = {isa = PBXFileReference; fileEncoding = 4; lastKnownFileType = sourcecode.swift; path = IngredientesViewController.swift; sourceTree = "<group>"; };
		52D8FB101CCF2B64006955D8 /* ConfirmacionViewController.swift */ = {isa = PBXFileReference; fileEncoding = 4; lastKnownFileType = sourcecode.swift; path = ConfirmacionViewController.swift; sourceTree = "<group>"; };
		52D8FB121CCF2E16006955D8 /* OrdenViewController.swift */ = {isa = PBXFileReference; fileEncoding = 4; lastKnownFileType = sourcecode.swift; path = OrdenViewController.swift; sourceTree = "<group>"; };
/* End PBXFileReference section */

/* Begin PBXFrameworksBuildPhase section */
		52D8FAF01CCF1E94006955D8 /* Frameworks */ = {
			isa = PBXFrameworksBuildPhase;
			buildActionMask = 2147483647;
			files = (
			);
			runOnlyForDeploymentPostprocessing = 0;
		};
/* End PBXFrameworksBuildPhase section */

/* Begin PBXGroup section */
		52D8FAEA1CCF1E94006955D8 = {
			isa = PBXGroup;
			children = (
				52D8FAF51CCF1E94006955D8 /* CrearPizza */,
				52D8FAF41CCF1E94006955D8 /* Products */,
			);
			sourceTree = "<group>";
		};
		52D8FAF41CCF1E94006955D8 /* Products */ = {
			isa = PBXGroup;
			children = (
				52D8FAF31CCF1E94006955D8 /* CrearPizza.app */,
			);
			name = Products;
			sourceTree = "<group>";
		};
		52D8FAF51CCF1E94006955D8 /* CrearPizza */ = {
			isa = PBXGroup;
			children = (
				52D8FAF61CCF1E94006955D8 /* AppDelegate.swift */,
				52D8FAF81CCF1E94006955D8 /* ViewController.swift */,
				52D8FAFA1CCF1E94006955D8 /* Main.storyboard */,
				52D8FB121CCF2E16006955D8 /* OrdenViewController.swift */,
				52D8FB101CCF2B64006955D8 /* ConfirmacionViewController.swift */,
				52D8FB0E1CCF26DB006955D8 /* IngredientesViewController.swift */,
				52D8FB0C1CCF2595006955D8 /* QuesoViewController.swift */,
				52D8FB0A1CCF23E5006955D8 /* MasaViewController.swift */,
				52D8FB081CCF23B2006955D8 /* TamanoViewController.swift */,
				52D8FAFD1CCF1E94006955D8 /* Assets.xcassets */,
				52D8FAFF1CCF1E94006955D8 /* LaunchScreen.storyboard */,
				52D8FB021CCF1E94006955D8 /* Info.plist */,
			);
			path = CrearPizza;
			sourceTree = "<group>";
		};
/* End PBXGroup section */

/* Begin PBXNativeTarget section */
		52D8FAF21CCF1E94006955D8 /* CrearPizza */ = {
			isa = PBXNativeTarget;
			buildConfigurationList = 52D8FB051CCF1E94006955D8 /* Build configuration list for PBXNativeTarget "CrearPizza" */;
			buildPhases = (
				52D8FAEF1CCF1E94006955D8 /* Sources */,
				52D8FAF01CCF1E94006955D8 /* Frameworks */,
				52D8FAF11CCF1E94006955D8 /* Resources */,
			);
			buildRules = (
			);
			dependencies = (
			);
			name = CrearPizza;
			productName = CrearPizza;
			productReference = 52D8FAF31CCF1E94006955D8 /* CrearPizza.app */;
			productType = "com.apple.product-type.application";
		};
/* End PBXNativeTarget section */

/* Begin PBXProject section */
		52D8FAEB1CCF1E94006955D8 /* Project object */ = {
			isa = PBXProject;
			attributes = {
				LastSwiftUpdateCheck = 0730;
				LastUpgradeCheck = 0730;
				ORGANIZATIONNAME = AHB;
				TargetAttributes = {
					52D8FAF21CCF1E94006955D8 = {
						CreatedOnToolsVersion = 7.3;
					};
				};
			};
			buildConfigurationList = 52D8FAEE1CCF1E94006955D8 /* Build configuration list for PBXProject "CrearPizza" */;
			compatibilityVersion = "Xcode 3.2";
			developmentRegion = English;
			hasScannedForEncodings = 0;
			knownRegions = (
				en,
				Base,
			);
			mainGroup = 52D8FAEA1CCF1E94006955D8;
			productRefGroup = 52D8FAF41CCF1E94006955D8 /* Products */;
			projectDirPath = "";
			projectRoot = "";
			targets = (
				52D8FAF21CCF1E94006955D8 /* CrearPizza */,
			);
		};
/* End PBXProject section */

/* Begin PBXResourcesBuildPhase section */
		52D8FAF11CCF1E94006955D8 /* Resources */ = {
			isa = PBXResourcesBuildPhase;
			buildActionMask = 2147483647;
			files = (
				52D8FB011CCF1E94006955D8 /* LaunchScreen.storyboard in Resources */,
				52D8FAFE1CCF1E94006955D8 /* Assets.xcassets in Resources */,
				52D8FAFC1CCF1E94006955D8 /* Main.storyboard in Resources */,
			);
			runOnlyForDeploymentPostprocessing = 0;
		};
/* End PBXResourcesBuildPhase section */

/* Begin PBXSourcesBuildPhase section */
		52D8FAEF1CCF1E94006955D8 /* Sources */ = {
			isa = PBXSourcesBuildPhase;
			buildActionMask = 2147483647;
			files = (
				52D8FB0F1CCF26DB006955D8 /* IngredientesViewController.swift in Sources */,
				52D8FB0B1CCF23E5006955D8 /* MasaViewController.swift in Sources */,
				52D8FB111CCF2B64006955D8 /* ConfirmacionViewController.swift in Sources */,
				52D8FB131CCF2E16006955D8 /* OrdenViewController.swift in Sources */,
				52D8FAF91CCF1E94006955D8 /* ViewController.swift in Sources */,
				52D8FAF71CCF1E94006955D8 /* AppDelegate.swift in Sources */,
				52D8FB091CCF23B2006955D8 /* TamanoViewController.swift in Sources */,
				52D8FB0D1CCF2595006955D8 /* QuesoViewController.swift in Sources */,
			);
			runOnlyForDeploymentPostprocessing = 0;
		};
/* End PBXSourcesBuildPhase section */

/* Begin PBXVariantGroup section */
		52D8FAFA1CCF1E94006955D8 /* Main.storyboard */ = {
			isa = PBXVariantGroup;
			children = (
				52D8FAFB1CCF1E94006955D8 /* Base */,
			);
			name = Main.storyboard;
			sourceTree = "<group>";
		};
		52D8FAFF1CCF1E94006955D8 /* LaunchScreen.storyboard */ = {
			isa = PBXVariantGroup;
			children = (
				52D8FB001CCF1E94006955D8 /* Base */,
			);
			name = LaunchScreen.storyboard;
			sourceTree = "<group>";
		};
/* End PBXVariantGroup section */

/* Begin XCBuildConfiguration section */
		52D8FB031CCF1E94006955D8 /* Debug */ = {
			isa = XCBuildConfiguration;
			buildSettings = {
				ALWAYS_SEARCH_USER_PATHS = NO;
				CLANG_ANALYZER_NONNULL = YES;
				CLANG_CXX_LANGUAGE_STANDARD = "gnu++0x";
				CLANG_CXX_LIBRARY = "libc++";
				CLANG_ENABLE_MODULES = YES;
				CLANG_ENABLE_OBJC_ARC = YES;
				CLANG_WARN_BOOL_CONVERSION = YES;
				CLANG_WARN_CONSTANT_CONVERSION = YES;
				CLANG_WARN_DIRECT_OBJC_ISA_USAGE = YES_ERROR;
				CLANG_WARN_EMPTY_BODY = YES;
				CLANG_WARN_ENUM_CONVERSION = YES;
				CLANG_WARN_INT_CONVERSION = YES;
				CLANG_WARN_OBJC_ROOT_CLASS = YES_ERROR;
				CLANG_WARN_UNREACHABLE_CODE = YES;
				CLANG_WARN__DUPLICATE_METHOD_MATCH = YES;
				"CODE_SIGN_IDENTITY[sdk=iphoneos*]" = "iPhone Developer";
				COPY_PHASE_STRIP = NO;
				DEBUG_INFORMATION_FORMAT = dwarf;
				ENABLE_STRICT_OBJC_MSGSEND = YES;
				ENABLE_TESTABILITY = YES;
				GCC_C_LANGUAGE_STANDARD = gnu99;
				GCC_DYNAMIC_NO_PIC = NO;
				GCC_NO_COMMON_BLOCKS = YES;
				GCC_OPTIMIZATION_LEVEL = 0;
				GCC_PREPROCESSOR_DEFINITIONS = (
					"DEBUG=1",
					"$(inherited)",
				);
				GCC_WARN_64_TO_32_BIT_CONVERSION = YES;
				GCC_WARN_ABOUT_RETURN_TYPE = YES_ERROR;
				GCC_WARN_UNDECLARED_SELECTOR = YES;
				GCC_WARN_UNINITIALIZED_AUTOS = YES_AGGRESSIVE;
				GCC_WARN_UNUSED_FUNCTION = YES;
				GCC_WARN_UNUSED_VARIABLE = YES;
				IPHONEOS_DEPLOYMENT_TARGET = 9.3;
				MTL_ENABLE_DEBUG_INFO = YES;
				ONLY_ACTIVE_ARCH = YES;
				SDKROOT = iphoneos;
				SWIFT_OPTIMIZATION_LEVEL = "-Onone";
				TARGETED_DEVICE_FAMILY = "1,2";
			};
			name = Debug;
		};
		52D8FB041CCF1E94006955D8 /* Release */ = {
			isa = XCBuildConfiguration;
			buildSettings = {
				ALWAYS_SEARCH_USER_PATHS = NO;
				CLANG_ANALYZER_NONNULL = YES;
				CLANG_CXX_LANGUAGE_STANDARD = "gnu++0x";
				CLANG_CXX_LIBRARY = "libc++";
				CLANG_ENABLE_MODULES = YES;
				CLANG_ENABLE_OBJC_ARC = YES;
				CLANG_WARN_BOOL_CONVERSION = YES;
				CLANG_WARN_CONSTANT_CONVERSION = YES;
				CLANG_WARN_DIRECT_OBJC_ISA_USAGE = YES_ERROR;
				CLANG_WARN_EMPTY_BODY = YES;
				CLANG_WARN_ENUM_CONVERSION = YES;
				CLANG_WARN_INT_CONVERSION = YES;
				CLANG_WARN_OBJC_ROOT_CLASS = YES_ERROR;
				CLANG_WARN_UNREACHABLE_CODE = YES;
				CLANG_WARN__DUPLICATE_METHOD_MATCH = YES;
				"CODE_SIGN_IDENTITY[sdk=iphoneos*]" = "iPhone Developer";
				COPY_PHASE_STRIP = NO;
				DEBUG_INFORMATION_FORMAT = "dwarf-with-dsym";
				ENABLE_NS_ASSERTIONS = NO;
				ENABLE_STRICT_OBJC_MSGSEND = YES;
				GCC_C_LANGUAGE_STANDARD = gnu99;
				GCC_NO_COMMON_BLOCKS = YES;
				GCC_WARN_64_TO_32_BIT_CONVERSION = YES;
				GCC_WARN_ABOUT_RETURN_TYPE = YES_ERROR;
				GCC_WARN_UNDECLARED_SELECTOR = YES;
				GCC_WARN_UNINITIALIZED_AUTOS = YES_AGGRESSIVE;
				GCC_WARN_UNUSED_FUNCTION = YES;
				GCC_WARN_UNUSED_VARIABLE = YES;
				IPHONEOS_DEPLOYMENT_TARGET = 9.3;
				MTL_ENABLE_DEBUG_INFO = NO;
				SDKROOT = iphoneos;
				TARGETED_DEVICE_FAMILY = "1,2";
				VALIDATE_PRODUCT = YES;
			};
			name = Release;
		};
		52D8FB061CCF1E94006955D8 /* Debug */ = {
			isa = XCBuildConfiguration;
			buildSettings = {
				ASSETCATALOG_COMPILER_APPICON_NAME = AppIcon;
				INFOPLIST_FILE = CrearPizza/Info.plist;
				LD_RUNPATH_SEARCH_PATHS = "$(inherited) @executable_path/Frameworks";
				PRODUCT_BUNDLE_IDENTIFIER = AHB.CrearPizza;
				PRODUCT_NAME = "$(TARGET_NAME)";
			};
			name = Debug;
		};
		52D8FB071CCF1E94006955D8 /* Release */ = {
			isa = XCBuildConfiguration;
			buildSettings = {
				ASSETCATALOG_COMPILER_APPICON_NAME = AppIcon;
				INFOPLIST_FILE = CrearPizza/Info.plist;
				LD_RUNPATH_SEARCH_PATHS = "$(inherited) @executable_path/Frameworks";
				PRODUCT_BUNDLE_IDENTIFIER = AHB.CrearPizza;
				PRODUCT_NAME = "$(TARGET_NAME)";
			};
			name = Release;
		};
/* End XCBuildConfiguration section */

/* Begin XCConfigurationList section */
		52D8FAEE1CCF1E94006955D8 /* Build configuration list for PBXProject "CrearPizza" */ = {
			isa = XCConfigurationList;
			buildConfigurations = (
				52D8FB031CCF1E94006955D8 /* Debug */,
				52D8FB041CCF1E94006955D8 /* Release */,
			);
			defaultConfigurationIsVisible = 0;
			defaultConfigurationName = Release;
		};
		52D8FB051CCF1E94006955D8 /* Build configuration list for PBXNativeTarget "CrearPizza" */ = {
			isa = XCConfigurationList;
			buildConfigurations = (
				52D8FB061CCF1E94006955D8 /* Debug */,
				52D8FB071CCF1E94006955D8 /* Release */,
			);
			defaultConfigurationIsVisible = 0;
		};
/* End XCConfigurationList section */
	};
	rootObject = 52D8FAEB1CCF1E94006955D8 /* Project object */;
}
